
Microsoft Visual Studio Solution File, Format Version 12.00
# Visual Studio Version 17
VisualStudioVersion = 17.2.32630.192
MinimumVisualStudioVersion = 10.0.40219.1
Project("{FAE04EC0-301F-11D3-BF4B-00C04F79EFBC}") = "Projeto_Tabuada", "Projeto_Tabuada.csproj", "{C3473F16-33FE-4675-B6A4-08395BB53584}"
EndProject
Global
	GlobalSection(SolutionConfigurationPlatforms) = preSolution
		Debug|Any CPU = Debug|Any CPU
		Release|Any CPU = Release|Any CPU
	EndGlobalSection
	GlobalSection(ProjectConfigurationPlatforms) = postSolution
		{C3473F16-33FE-4675-B6A4-08395BB53584}.Debug|Any CPU.ActiveCfg = Debug|Any CPU
		{C3473F16-33FE-4675-B6A4-08395BB53584}.Debug|Any CPU.Build.0 = Debug|Any CPU
		{C3473F16-33FE-4675-B6A4-08395BB53584}.Release|Any CPU.ActiveCfg = Release|Any CPU
		{C3473F16-33FE-4675-B6A4-08395BB53584}.Release|Any CPU.Build.0 = Release|Any CPU
	EndGlobalSection
	GlobalSection(SolutionProperties) = preSolution
		HideSolutionNode = FALSE
	EndGlobalSection
	GlobalSection(ExtensibilityGlobals) = postSolution
		SolutionGuid = {C5C00045-E9AE-469C-BD7D-5B756D24B09A}
	EndGlobalSection
EndGlobal
